{
  "version": 4,
  "terraform_version": "1.9.5",
  "serial": 216,
  "lineage": "7acffff5-7c14-76e7-1f51-a7345397adf8",
  "outputs": {
    "instance_public_ips": {
      "value": [
        "43.202.55.187",
        "52.78.57.42"
      ],
      "type": [
        "tuple",
        [
          "string",
          "string"
        ]
      ]
    },
    "private_key_pem": {
      "value": "-----BEGIN RSA PRIVATE KEY-----\nMIIEowIBAAKCAQEA2YsmGD/lD1qHeUd0P0kXVmINvU/yfr9ouxKT8bAF1eJOnsnP\n99OLMVIJKfdXe2lbg41yX8rQzbZKjZOPFhAtdvVlBiOLb1qQVBA1vHYuyivecOWU\nPQX3zvyrW8Ia4Df1dk7w7bUqwBMHz46IZdL/B3lTFLjsup4vcCwzhjF3aqeUW0BS\n+grSAPoZXp9nZ/YjE5z10KBQ0hADagTzJEIybUkfzkf7HudLeAHcI8eFnBuybv+q\nfhu+GtZafYVNRtgeAGkKru+PFOMaDrA1W93TsyEQpA4UUSl5XGmGIATAFMGiXhaG\nYSQ5CRc8mwz9MeUPwvc7KAVkkaN4rqXwTKmmaQIDAQABAoIBADtAVR3huUfXRnLX\n7WeXRs32YvufHNM82w+o3bbEVLKOsw84tHYxngXO7EQL5D3u0kggbHh+yyRcdC3f\ndOdzfI6cA+oKIF4x8oGS8K/mGJRkIm/pd9ivGXG9DAcv9RYA59BTa/eyknRCOqxj\ni+7/6wpkFybbv06M6yrIPzhbnMTlYzVIwoiQiupObj75TxMFmlu+aamS0sWiqYX1\nQubxvfUPisXUyw+ZB7MFf3D/ozfb1zMHfOZATo3TR0HEQ7ZoZd41F8EMiKohucvw\nSjzCeVi4dTVnRsuAxWw9Df3AwOVG4F5IqFSNtXy53c9I0CHRRcCA9ofDuKTvjeCe\nqpv/7gECgYEA43pDVPzC2xg/UjplJlEWY0bCyM5AGZRyxE8A9I6hJm4RhpT8FhUV\nG3WpxNsi5Ln7o+Z1aDcyGqoPBNDyHP1/pZXKsYpyphEfSHbvhT3GnPkXoGiuKu0M\nhbtsFdmkRq83wjKYGMmI+vvXWHiBPQjfXF4QeJ2OlklgwVfQMt0N6GECgYEA9NIE\nFF9G8HjJkhXrvzSx81qQ9JbOTEmrXu9vJMJdtrz3LYa/gUWJ6k69XZvH70hPKyWh\nLZI/MI+zq8RU7JzQGu2o2M+F+nHYs4mNmaSxKA1k0zEgsMI605qHhHw0fj5jj0QP\nlhrGfxmBtkhBeAMj0xe0NG65OxkSzZhXFbbSWwkCgYAFnpiZOeFKbk/qJR0olCo8\na5wWP9ofh6ZKKTV51Sgv/doa/AU6Om0aD48RGOTEx79qrh/KYkqvk/HpCYxhoPWN\nTqUCO8xXQ+cE8EM8hGkqqZCm2s8qqk5740RpScYgJOX4uy08t4XVxXDtc5SlwFlc\nO8qmYCYMmmV0gUnYZ9OXIQKBgB3mWGE0kbFkzxlsW/JqOSGDehilImTmyms5ytUu\nd8uNoJKK1nCvUXywSShZkj2DE0gtvFWYeucvZb4gqE6NiE0BoZF5Jt/Db7fdoNGW\n75v4psu0QE3WKuEVCl//21lfvUEOCulGM9/p+ZGNmZFSsNljF7sfmrfBBC7f4CLi\nxSYhAoGBAOLOcsBgNFx+zsIxrGUTzkTOKH9njZPSS1gq4VovT8iFmSpiAO/GVWbG\n9vJgGqO8VMHnf/+svyvAUKbXqiU4Frade50jLsjM4kLKAAzjvlI/BPYZv8lzwlAW\nEfp7eLkLo9OQN6YpTzEuFNcetwR+JyAEqvt7Hwnu9h/odGXR5k3g\n-----END RSA PRIVATE KEY-----\n",
      "type": "string",
      "sensitive": true
    }
  },
  "resources": [
    {
      "mode": "managed",
      "type": "aws_instance",
      "name": "dividend_and_queue_instance",
      "provider": "provider[\"registry.terraform.io/hashicorp/aws\"]",
      "instances": [
        {
          "schema_version": 1,
          "attributes": {
            "ami": "ami-056a29f2eddc40520",
            "arn": "arn:aws:ec2:ap-northeast-2:057541453312:instance/i-001201883fc7d9a5f",
            "associate_public_ip_address": true,
            "availability_zone": "ap-northeast-2a",
            "capacity_reservation_specification": [
              {
                "capacity_reservation_preference": "open",
                "capacity_reservation_target": []
              }
            ],
            "cpu_core_count": 1,
            "cpu_options": [
              {
                "amd_sev_snp": "",
                "core_count": 1,
                "threads_per_core": 1
              }
            ],
            "cpu_threads_per_core": 1,
            "credit_specification": [
              {
                "cpu_credits": "standard"
              }
            ],
            "disable_api_stop": false,
            "disable_api_termination": false,
            "ebs_block_device": [],
            "ebs_optimized": false,
            "enclave_options": [
              {
                "enabled": false
              }
            ],
            "ephemeral_block_device": [],
            "get_password_data": false,
            "hibernation": false,
            "host_id": "",
            "host_resource_group_arn": null,
            "iam_instance_profile": "",
            "id": "i-001201883fc7d9a5f",
            "instance_initiated_shutdown_behavior": "stop",
            "instance_lifecycle": "",
            "instance_market_options": [],
            "instance_state": "running",
            "instance_type": "t2.micro",
            "ipv6_address_count": 0,
            "ipv6_addresses": [],
            "key_name": "project24_ec2_keypair",
            "launch_template": [],
            "maintenance_options": [
              {
                "auto_recovery": "default"
              }
            ],
            "metadata_options": [
              {
                "http_endpoint": "enabled",
                "http_protocol_ipv6": "disabled",
                "http_put_response_hop_limit": 1,
                "http_tokens": "optional",
                "instance_metadata_tags": "disabled"
              }
            ],
            "monitoring": false,
            "network_interface": [],
            "outpost_arn": "",
            "password_data": "",
            "placement_group": "",
            "placement_partition_number": 0,
            "primary_network_interface_id": "eni-006d6be5e7843344f",
            "private_dns": "ip-10-0-1-185.ap-northeast-2.compute.internal",
            "private_dns_name_options": [
              {
                "enable_resource_name_dns_a_record": false,
                "enable_resource_name_dns_aaaa_record": false,
                "hostname_type": "ip-name"
              }
            ],
            "private_ip": "10.0.1.185",
            "public_dns": "ec2-43-202-55-187.ap-northeast-2.compute.amazonaws.com",
            "public_ip": "43.202.55.187",
            "root_block_device": [
              {
                "delete_on_termination": true,
                "device_name": "/dev/sda1",
                "encrypted": false,
                "iops": 100,
                "kms_key_id": "",
                "tags": {},
                "tags_all": {},
                "throughput": 0,
                "volume_id": "vol-06374ea276c2305ec",
                "volume_size": 8,
                "volume_type": "gp2"
              }
            ],
            "secondary_private_ips": [],
            "security_groups": [],
            "source_dest_check": true,
            "spot_instance_request_id": "",
            "subnet_id": "subnet-0ac10039399ca62a4",
            "tags": {
              "Name": "dividend_queue"
            },
            "tags_all": {
              "Name": "dividend_queue"
            },
            "tenancy": "default",
            "timeouts": null,
            "user_data": null,
            "user_data_base64": null,
            "user_data_replace_on_change": false,
            "volume_tags": null,
            "vpc_security_group_ids": [
              "sg-0c17aa9d55e1af46a"
            ]
          },
          "sensitive_attributes": [],
          "private": "eyJlMmJmYjczMC1lY2FhLTExZTYtOGY4OC0zNDM2M2JjN2M0YzAiOnsiY3JlYXRlIjo2MDAwMDAwMDAwMDAsImRlbGV0ZSI6MTIwMDAwMDAwMDAwMCwicmVhZCI6OTAwMDAwMDAwMDAwLCJ1cGRhdGUiOjYwMDAwMDAwMDAwMH0sInNjaGVtYV92ZXJzaW9uIjoiMSJ9",
          "dependencies": [
            "aws_key_pair.generated_key",
            "aws_security_group.project24_security_group",
            "aws_subnet.project24_subnet",
            "aws_vpc.project24_vpc",
            "tls_private_key.project24_private_key"
          ]
        }
      ]
    },
    {
      "mode": "managed",
      "type": "aws_instance",
      "name": "main_instance",
      "provider": "provider[\"registry.terraform.io/hashicorp/aws\"]",
      "instances": [
        {
          "schema_version": 1,
          "attributes": {
            "ami": "ami-056a29f2eddc40520",
            "arn": "arn:aws:ec2:ap-northeast-2:057541453312:instance/i-0b63fa0c0252f474e",
            "associate_public_ip_address": true,
            "availability_zone": "ap-northeast-2a",
            "capacity_reservation_specification": [
              {
                "capacity_reservation_preference": "open",
                "capacity_reservation_target": []
              }
            ],
            "cpu_core_count": 1,
            "cpu_options": [
              {
                "amd_sev_snp": "",
                "core_count": 1,
                "threads_per_core": 1
              }
            ],
            "cpu_threads_per_core": 1,
            "credit_specification": [
              {
                "cpu_credits": "standard"
              }
            ],
            "disable_api_stop": false,
            "disable_api_termination": false,
            "ebs_block_device": [],
            "ebs_optimized": false,
            "enclave_options": [
              {
                "enabled": false
              }
            ],
            "ephemeral_block_device": [],
            "get_password_data": false,
            "hibernation": false,
            "host_id": "",
            "host_resource_group_arn": null,
            "iam_instance_profile": "",
            "id": "i-0b63fa0c0252f474e",
            "instance_initiated_shutdown_behavior": "stop",
            "instance_lifecycle": "",
            "instance_market_options": [],
            "instance_state": "running",
            "instance_type": "t2.micro",
            "ipv6_address_count": 0,
            "ipv6_addresses": [],
            "key_name": "project24_ec2_keypair",
            "launch_template": [],
            "maintenance_options": [
              {
                "auto_recovery": "default"
              }
            ],
            "metadata_options": [
              {
                "http_endpoint": "enabled",
                "http_protocol_ipv6": "disabled",
                "http_put_response_hop_limit": 1,
                "http_tokens": "optional",
                "instance_metadata_tags": "disabled"
              }
            ],
            "monitoring": false,
            "network_interface": [],
            "outpost_arn": "",
            "password_data": "",
            "placement_group": "",
            "placement_partition_number": 0,
            "primary_network_interface_id": "eni-0277f444619854ad1",
            "private_dns": "ip-10-0-1-190.ap-northeast-2.compute.internal",
            "private_dns_name_options": [
              {
                "enable_resource_name_dns_a_record": false,
                "enable_resource_name_dns_aaaa_record": false,
                "hostname_type": "ip-name"
              }
            ],
            "private_ip": "10.0.1.190",
            "public_dns": "ec2-52-78-57-42.ap-northeast-2.compute.amazonaws.com",
            "public_ip": "52.78.57.42",
            "root_block_device": [
              {
                "delete_on_termination": true,
                "device_name": "/dev/sda1",
                "encrypted": false,
                "iops": 100,
                "kms_key_id": "",
                "tags": {},
                "tags_all": {},
                "throughput": 0,
                "volume_id": "vol-02c7ffa774f83c9ec",
                "volume_size": 8,
                "volume_type": "gp2"
              }
            ],
            "secondary_private_ips": [],
            "security_groups": [],
            "source_dest_check": true,
            "spot_instance_request_id": "",
            "subnet_id": "subnet-0ac10039399ca62a4",
            "tags": {
              "Name": "main"
            },
            "tags_all": {
              "Name": "main"
            },
            "tenancy": "default",
            "timeouts": null,
            "user_data": null,
            "user_data_base64": null,
            "user_data_replace_on_change": false,
            "volume_tags": null,
            "vpc_security_group_ids": [
              "sg-0c17aa9d55e1af46a"
            ]
          },
          "sensitive_attributes": [],
          "private": "eyJlMmJmYjczMC1lY2FhLTExZTYtOGY4OC0zNDM2M2JjN2M0YzAiOnsiY3JlYXRlIjo2MDAwMDAwMDAwMDAsImRlbGV0ZSI6MTIwMDAwMDAwMDAwMCwicmVhZCI6OTAwMDAwMDAwMDAwLCJ1cGRhdGUiOjYwMDAwMDAwMDAwMH0sInNjaGVtYV92ZXJzaW9uIjoiMSJ9",
          "dependencies": [
            "aws_key_pair.generated_key",
            "aws_security_group.project24_security_group",
            "aws_subnet.project24_subnet",
            "aws_vpc.project24_vpc",
            "tls_private_key.project24_private_key"
          ]
        }
      ]
    },
    {
      "mode": "managed",
      "type": "aws_internet_gateway",
      "name": "project24_igw",
      "provider": "provider[\"registry.terraform.io/hashicorp/aws\"]",
      "instances": [
        {
          "schema_version": 0,
          "attributes": {
            "arn": "arn:aws:ec2:ap-northeast-2:057541453312:internet-gateway/igw-073d047af66adaaf4",
            "id": "igw-073d047af66adaaf4",
            "owner_id": "057541453312",
            "tags": {
              "Name": "project24_igw"
            },
            "tags_all": {
              "Name": "project24_igw"
            },
            "timeouts": null,
            "vpc_id": "vpc-013880762c8e1c0e0"
          },
          "sensitive_attributes": [],
          "private": "eyJlMmJmYjczMC1lY2FhLTExZTYtOGY4OC0zNDM2M2JjN2M0YzAiOnsiY3JlYXRlIjoxMjAwMDAwMDAwMDAwLCJkZWxldGUiOjEyMDAwMDAwMDAwMDAsInVwZGF0ZSI6MTIwMDAwMDAwMDAwMH19",
          "dependencies": [
            "aws_vpc.project24_vpc"
          ]
        }
      ]
    },
    {
      "mode": "managed",
      "type": "aws_key_pair",
      "name": "generated_key",
      "provider": "provider[\"registry.terraform.io/hashicorp/aws\"]",
      "instances": [
        {
          "schema_version": 1,
          "attributes": {
            "arn": "arn:aws:ec2:ap-northeast-2:057541453312:key-pair/project24_ec2_keypair",
            "fingerprint": "75:a8:b3:3a:fa:72:cb:7f:ad:93:cd:a1:fe:db:75:c5",
            "id": "project24_ec2_keypair",
            "key_name": "project24_ec2_keypair",
            "key_name_prefix": "",
            "key_pair_id": "key-067ed513de9b532af",
            "key_type": "rsa",
            "public_key": "ssh-rsa AAAAB3NzaC1yc2EAAAADAQABAAABAQDZiyYYP+UPWod5R3Q/SRdWYg29T/J+v2i7EpPxsAXV4k6eyc/304sxUgkp91d7aVuDjXJfytDNtkqNk48WEC129WUGI4tvWpBUEDW8di7KK95w5ZQ9BffO/KtbwhrgN/V2TvDttSrAEwfPjohl0v8HeVMUuOy6ni9wLDOGMXdqp5RbQFL6CtIA+hlen2dn9iMTnPXQoFDSEANqBPMkQjJtSR/OR/se50t4Adwjx4WcG7Ju/6p+G74a1lp9hU1G2B4AaQqu748U4xoOsDVb3dOzIRCkDhRRKXlcaYYgBMAUwaJeFoZhJDkJFzybDP0x5Q/C9zsoBWSRo3iupfBMqaZp",
            "tags": null,
            "tags_all": {}
          },
          "sensitive_attributes": [],
          "private": "eyJzY2hlbWFfdmVyc2lvbiI6IjEifQ==",
          "dependencies": [
            "tls_private_key.project24_private_key"
          ]
        }
      ]
    },
    {
      "mode": "managed",
      "type": "aws_route_table",
      "name": "project24_route_table",
      "provider": "provider[\"registry.terraform.io/hashicorp/aws\"]",
      "instances": [
        {
          "schema_version": 0,
          "attributes": {
            "arn": "arn:aws:ec2:ap-northeast-2:057541453312:route-table/rtb-033fe3660ba24ce0c",
            "id": "rtb-033fe3660ba24ce0c",
            "owner_id": "057541453312",
            "propagating_vgws": [],
            "route": [
              {
                "carrier_gateway_id": "",
                "cidr_block": "0.0.0.0/0",
                "core_network_arn": "",
                "destination_prefix_list_id": "",
                "egress_only_gateway_id": "",
                "gateway_id": "igw-073d047af66adaaf4",
                "ipv6_cidr_block": "",
                "local_gateway_id": "",
                "nat_gateway_id": "",
                "network_interface_id": "",
                "transit_gateway_id": "",
                "vpc_endpoint_id": "",
                "vpc_peering_connection_id": ""
              }
            ],
            "tags": {
              "Name": "project24_route_table"
            },
            "tags_all": {
              "Name": "project24_route_table"
            },
            "timeouts": null,
            "vpc_id": "vpc-013880762c8e1c0e0"
          },
          "sensitive_attributes": [],
          "private": "eyJlMmJmYjczMC1lY2FhLTExZTYtOGY4OC0zNDM2M2JjN2M0YzAiOnsiY3JlYXRlIjozMDAwMDAwMDAwMDAsImRlbGV0ZSI6MzAwMDAwMDAwMDAwLCJ1cGRhdGUiOjEyMDAwMDAwMDAwMH19",
          "dependencies": [
            "aws_internet_gateway.project24_igw",
            "aws_vpc.project24_vpc"
          ]
        }
      ]
    },
    {
      "mode": "managed",
      "type": "aws_route_table_association",
      "name": "project24_subnet_association",
      "provider": "provider[\"registry.terraform.io/hashicorp/aws\"]",
      "instances": [
        {
          "schema_version": 0,
          "attributes": {
            "gateway_id": "",
            "id": "rtbassoc-0a723c73c45ec591b",
            "route_table_id": "rtb-033fe3660ba24ce0c",
            "subnet_id": "subnet-0ac10039399ca62a4",
            "timeouts": null
          },
          "sensitive_attributes": [],
          "private": "eyJlMmJmYjczMC1lY2FhLTExZTYtOGY4OC0zNDM2M2JjN2M0YzAiOnsiY3JlYXRlIjozMDAwMDAwMDAwMDAsImRlbGV0ZSI6MzAwMDAwMDAwMDAwLCJ1cGRhdGUiOjEyMDAwMDAwMDAwMH19",
          "dependencies": [
            "aws_internet_gateway.project24_igw",
            "aws_route_table.project24_route_table",
            "aws_subnet.project24_subnet",
            "aws_vpc.project24_vpc"
          ]
        }
      ]
    },
    {
      "mode": "managed",
      "type": "aws_security_group",
      "name": "project24_security_group",
      "provider": "provider[\"registry.terraform.io/hashicorp/aws\"]",
      "instances": [
        {
          "schema_version": 1,
          "attributes": {
            "arn": "arn:aws:ec2:ap-northeast-2:057541453312:security-group/sg-0c17aa9d55e1af46a",
            "description": "This firewall allows SSH, HTTP, MySQL, Redis, MongoDB, and ICMP",
            "egress": [
              {
                "cidr_blocks": [
                  "0.0.0.0/0"
                ],
                "description": "",
                "from_port": 0,
                "ipv6_cidr_blocks": [],
                "prefix_list_ids": [],
                "protocol": "-1",
                "security_groups": [],
                "self": false,
                "to_port": 0
              }
            ],
            "id": "sg-0c17aa9d55e1af46a",
            "ingress": [
              {
                "cidr_blocks": [
                  "0.0.0.0/0"
                ],
                "description": "Allow Ping (ICMP)",
                "from_port": -1,
                "ipv6_cidr_blocks": [],
                "prefix_list_ids": [],
                "protocol": "icmp",
                "security_groups": [],
                "self": false,
                "to_port": -1
              },
              {
                "cidr_blocks": [
                  "0.0.0.0/0"
                ],
                "description": "HTTP",
                "from_port": 80,
                "ipv6_cidr_blocks": [],
                "prefix_list_ids": [],
                "protocol": "tcp",
                "security_groups": [],
                "self": false,
                "to_port": 80
              },
              {
                "cidr_blocks": [
                  "0.0.0.0/0"
                ],
                "description": "MongoDB",
                "from_port": 27017,
                "ipv6_cidr_blocks": [],
                "prefix_list_ids": [],
                "protocol": "tcp",
                "security_groups": [],
                "self": false,
                "to_port": 27017
              },
              {
                "cidr_blocks": [
                  "0.0.0.0/0"
                ],
                "description": "MySQL",
                "from_port": 3306,
                "ipv6_cidr_blocks": [],
                "prefix_list_ids": [],
                "protocol": "tcp",
                "security_groups": [],
                "self": false,
                "to_port": 3306
              },
              {
                "cidr_blocks": [
                  "0.0.0.0/0"
                ],
                "description": "Redis",
                "from_port": 6379,
                "ipv6_cidr_blocks": [],
                "prefix_list_ids": [],
                "protocol": "tcp",
                "security_groups": [],
                "self": false,
                "to_port": 6379
              },
              {
                "cidr_blocks": [
                  "0.0.0.0/0"
                ],
                "description": "SSH",
                "from_port": 22,
                "ipv6_cidr_blocks": [],
                "prefix_list_ids": [],
                "protocol": "tcp",
                "security_groups": [],
                "self": false,
                "to_port": 22
              }
            ],
            "name": "project24_security_group",
            "name_prefix": "",
            "owner_id": "057541453312",
            "revoke_rules_on_delete": false,
            "tags": {
              "Name": "project24_security_group"
            },
            "tags_all": {
              "Name": "project24_security_group"
            },
            "timeouts": null,
            "vpc_id": "vpc-013880762c8e1c0e0"
          },
          "sensitive_attributes": [],
          "private": "eyJlMmJmYjczMC1lY2FhLTExZTYtOGY4OC0zNDM2M2JjN2M0YzAiOnsiY3JlYXRlIjo2MDAwMDAwMDAwMDAsImRlbGV0ZSI6OTAwMDAwMDAwMDAwfSwic2NoZW1hX3ZlcnNpb24iOiIxIn0=",
          "dependencies": [
            "aws_vpc.project24_vpc"
          ]
        }
      ]
    },
    {
      "mode": "managed",
      "type": "aws_subnet",
      "name": "project24_subnet",
      "provider": "provider[\"registry.terraform.io/hashicorp/aws\"]",
      "instances": [
        {
          "schema_version": 1,
          "attributes": {
            "arn": "arn:aws:ec2:ap-northeast-2:057541453312:subnet/subnet-0ac10039399ca62a4",
            "assign_ipv6_address_on_creation": false,
            "availability_zone": "ap-northeast-2a",
            "availability_zone_id": "apne2-az1",
            "cidr_block": "10.0.1.0/24",
            "customer_owned_ipv4_pool": "",
            "enable_dns64": false,
            "enable_lni_at_device_index": 0,
            "enable_resource_name_dns_a_record_on_launch": false,
            "enable_resource_name_dns_aaaa_record_on_launch": false,
            "id": "subnet-0ac10039399ca62a4",
            "ipv6_cidr_block": "",
            "ipv6_cidr_block_association_id": "",
            "ipv6_native": false,
            "map_customer_owned_ip_on_launch": false,
            "map_public_ip_on_launch": false,
            "outpost_arn": "",
            "owner_id": "057541453312",
            "private_dns_hostname_type_on_launch": "ip-name",
            "tags": {
              "Name": "project24_subnet"
            },
            "tags_all": {
              "Name": "project24_subnet"
            },
            "timeouts": null,
            "vpc_id": "vpc-013880762c8e1c0e0"
          },
          "sensitive_attributes": [],
          "private": "eyJlMmJmYjczMC1lY2FhLTExZTYtOGY4OC0zNDM2M2JjN2M0YzAiOnsiY3JlYXRlIjo2MDAwMDAwMDAwMDAsImRlbGV0ZSI6MTIwMDAwMDAwMDAwMH0sInNjaGVtYV92ZXJzaW9uIjoiMSJ9",
          "dependencies": [
            "aws_vpc.project24_vpc"
          ]
        }
      ]
    },
    {
      "mode": "managed",
      "type": "aws_vpc",
      "name": "project24_vpc",
      "provider": "provider[\"registry.terraform.io/hashicorp/aws\"]",
      "instances": [
        {
          "schema_version": 1,
          "attributes": {
            "arn": "arn:aws:ec2:ap-northeast-2:057541453312:vpc/vpc-013880762c8e1c0e0",
            "assign_generated_ipv6_cidr_block": false,
            "cidr_block": "10.0.0.0/16",
            "default_network_acl_id": "acl-0043e87c202548602",
            "default_route_table_id": "rtb-0c5fe219b2d1b211f",
            "default_security_group_id": "sg-00911c2885622e650",
            "dhcp_options_id": "dopt-08c9c6af112cdd954",
            "enable_dns_hostnames": true,
            "enable_dns_support": true,
            "enable_network_address_usage_metrics": false,
            "id": "vpc-013880762c8e1c0e0",
            "instance_tenancy": "default",
            "ipv4_ipam_pool_id": null,
            "ipv4_netmask_length": null,
            "ipv6_association_id": "",
            "ipv6_cidr_block": "",
            "ipv6_cidr_block_network_border_group": "",
            "ipv6_ipam_pool_id": "",
            "ipv6_netmask_length": 0,
            "main_route_table_id": "rtb-0c5fe219b2d1b211f",
            "owner_id": "057541453312",
            "tags": {
              "Name": "main"
            },
            "tags_all": {
              "Name": "main"
            }
          },
          "sensitive_attributes": [],
          "private": "eyJzY2hlbWFfdmVyc2lvbiI6IjEifQ=="
        }
      ]
    },
    {
      "mode": "managed",
      "type": "local_file",
      "name": "private_key_pem",
      "provider": "provider[\"registry.terraform.io/hashicorp/local\"]",
      "instances": [
        {
          "schema_version": 0,
          "attributes": {
            "content": "-----BEGIN RSA PRIVATE KEY-----\nMIIEowIBAAKCAQEA2YsmGD/lD1qHeUd0P0kXVmINvU/yfr9ouxKT8bAF1eJOnsnP\n99OLMVIJKfdXe2lbg41yX8rQzbZKjZOPFhAtdvVlBiOLb1qQVBA1vHYuyivecOWU\nPQX3zvyrW8Ia4Df1dk7w7bUqwBMHz46IZdL/B3lTFLjsup4vcCwzhjF3aqeUW0BS\n+grSAPoZXp9nZ/YjE5z10KBQ0hADagTzJEIybUkfzkf7HudLeAHcI8eFnBuybv+q\nfhu+GtZafYVNRtgeAGkKru+PFOMaDrA1W93TsyEQpA4UUSl5XGmGIATAFMGiXhaG\nYSQ5CRc8mwz9MeUPwvc7KAVkkaN4rqXwTKmmaQIDAQABAoIBADtAVR3huUfXRnLX\n7WeXRs32YvufHNM82w+o3bbEVLKOsw84tHYxngXO7EQL5D3u0kggbHh+yyRcdC3f\ndOdzfI6cA+oKIF4x8oGS8K/mGJRkIm/pd9ivGXG9DAcv9RYA59BTa/eyknRCOqxj\ni+7/6wpkFybbv06M6yrIPzhbnMTlYzVIwoiQiupObj75TxMFmlu+aamS0sWiqYX1\nQubxvfUPisXUyw+ZB7MFf3D/ozfb1zMHfOZATo3TR0HEQ7ZoZd41F8EMiKohucvw\nSjzCeVi4dTVnRsuAxWw9Df3AwOVG4F5IqFSNtXy53c9I0CHRRcCA9ofDuKTvjeCe\nqpv/7gECgYEA43pDVPzC2xg/UjplJlEWY0bCyM5AGZRyxE8A9I6hJm4RhpT8FhUV\nG3WpxNsi5Ln7o+Z1aDcyGqoPBNDyHP1/pZXKsYpyphEfSHbvhT3GnPkXoGiuKu0M\nhbtsFdmkRq83wjKYGMmI+vvXWHiBPQjfXF4QeJ2OlklgwVfQMt0N6GECgYEA9NIE\nFF9G8HjJkhXrvzSx81qQ9JbOTEmrXu9vJMJdtrz3LYa/gUWJ6k69XZvH70hPKyWh\nLZI/MI+zq8RU7JzQGu2o2M+F+nHYs4mNmaSxKA1k0zEgsMI605qHhHw0fj5jj0QP\nlhrGfxmBtkhBeAMj0xe0NG65OxkSzZhXFbbSWwkCgYAFnpiZOeFKbk/qJR0olCo8\na5wWP9ofh6ZKKTV51Sgv/doa/AU6Om0aD48RGOTEx79qrh/KYkqvk/HpCYxhoPWN\nTqUCO8xXQ+cE8EM8hGkqqZCm2s8qqk5740RpScYgJOX4uy08t4XVxXDtc5SlwFlc\nO8qmYCYMmmV0gUnYZ9OXIQKBgB3mWGE0kbFkzxlsW/JqOSGDehilImTmyms5ytUu\nd8uNoJKK1nCvUXywSShZkj2DE0gtvFWYeucvZb4gqE6NiE0BoZF5Jt/Db7fdoNGW\n75v4psu0QE3WKuEVCl//21lfvUEOCulGM9/p+ZGNmZFSsNljF7sfmrfBBC7f4CLi\nxSYhAoGBAOLOcsBgNFx+zsIxrGUTzkTOKH9njZPSS1gq4VovT8iFmSpiAO/GVWbG\n9vJgGqO8VMHnf/+svyvAUKbXqiU4Frade50jLsjM4kLKAAzjvlI/BPYZv8lzwlAW\nEfp7eLkLo9OQN6YpTzEuFNcetwR+JyAEqvt7Hwnu9h/odGXR5k3g\n-----END RSA PRIVATE KEY-----\n",
            "content_base64": null,
            "content_base64sha256": "+IxJ1n3n0OY6iQy0iV9A+88AJ9Cr5nT/QWf+w+hgkG0=",
            "content_base64sha512": "qKWrbSM9wiiPfNIEeg39vvN01y87OSTlaPs8EFk4hZAIYKag2TW+oWZWdSbeO/jeI5W67xdUsj4Q2/bkCO/rsg==",
            "content_md5": "65e61ce1d32101e4e52b285fe20261d7",
            "content_sha1": "4db975180f95f3dc80906a97fb29c3042d22967f",
            "content_sha256": "f88c49d67de7d0e63a890cb4895f40fbcf0027d0abe674ff4167fec3e860906d",
            "content_sha512": "a8a5ab6d233dc2288f7cd2047a0dfdbef374d72f3b3924e568fb3c10593885900860a6a0d935bea166567526de3bf8de2395baef1754b23e10dbf6e408efebb2",
            "directory_permission": "0777",
            "file_permission": "0600",
            "filename": "./project24_ec2_keypair.pem",
            "id": "4db975180f95f3dc80906a97fb29c3042d22967f",
            "sensitive_content": null,
            "source": null
          },
          "sensitive_attributes": [
            [
              {
                "type": "get_attr",
                "value": "sensitive_content"
              }
            ],
            [
              {
                "type": "get_attr",
                "value": "content"
              }
            ]
          ],
          "dependencies": [
            "tls_private_key.project24_private_key"
          ]
        }
      ]
    },
    {
      "mode": "managed",
      "type": "tls_private_key",
      "name": "project24_private_key",
      "provider": "provider[\"registry.terraform.io/hashicorp/tls\"]",
      "instances": [
        {
          "schema_version": 1,
          "attributes": {
            "algorithm": "RSA",
            "ecdsa_curve": "P224",
            "id": "d6dc59572f2ee0c82b41c06d338adf40860e42d3",
            "private_key_openssh": "-----BEGIN OPENSSH PRIVATE KEY-----\nb3BlbnNzaC1rZXktdjEAAAAABG5vbmUAAAAEbm9uZQAAAAAAAAABAAABFwAAAAdz\nc2gtcnNhAAAAAwEAAQAAAQEA2YsmGD/lD1qHeUd0P0kXVmINvU/yfr9ouxKT8bAF\n1eJOnsnP99OLMVIJKfdXe2lbg41yX8rQzbZKjZOPFhAtdvVlBiOLb1qQVBA1vHYu\nyivecOWUPQX3zvyrW8Ia4Df1dk7w7bUqwBMHz46IZdL/B3lTFLjsup4vcCwzhjF3\naqeUW0BS+grSAPoZXp9nZ/YjE5z10KBQ0hADagTzJEIybUkfzkf7HudLeAHcI8eF\nnBuybv+qfhu+GtZafYVNRtgeAGkKru+PFOMaDrA1W93TsyEQpA4UUSl5XGmGIATA\nFMGiXhaGYSQ5CRc8mwz9MeUPwvc7KAVkkaN4rqXwTKmmaQAAA7j/gn12/4J9dgAA\nAAdzc2gtcnNhAAABAQDZiyYYP+UPWod5R3Q/SRdWYg29T/J+v2i7EpPxsAXV4k6e\nyc/304sxUgkp91d7aVuDjXJfytDNtkqNk48WEC129WUGI4tvWpBUEDW8di7KK95w\n5ZQ9BffO/KtbwhrgN/V2TvDttSrAEwfPjohl0v8HeVMUuOy6ni9wLDOGMXdqp5Rb\nQFL6CtIA+hlen2dn9iMTnPXQoFDSEANqBPMkQjJtSR/OR/se50t4Adwjx4WcG7Ju\n/6p+G74a1lp9hU1G2B4AaQqu748U4xoOsDVb3dOzIRCkDhRRKXlcaYYgBMAUwaJe\nFoZhJDkJFzybDP0x5Q/C9zsoBWSRo3iupfBMqaZpAAAAAwEAAQAAAQA7QFUd4blH\n10Zy1+1nl0bN9mL7nxzTPNsPqN22xFSyjrMPOLR2MZ4FzuxEC+Q97tJIIGx4fssk\nXHQt33Tnc3yOnAPqCiBeMfKBkvCv5hiUZCJv6XfYrxlxvQwHL/UWAOfQU2v3spJ0\nQjqsY4vu/+sKZBcm279OjOsqyD84W5zE5WM1SMKIkIrqTm4++U8TBZpbvmmpktLF\noqmF9ULm8b31D4rF1MsPmQezBX9w/6M329czB3zmQE6N00dBxEO2aGXeNRfBDIiq\nIbnL8Eo8wnlYuHU1Z0bLgMVsPQ39wMDlRuBeSKhUjbV8ud3PSNAh0UXAgPaHw7ik\n743gnqqb/+4BAAAAgQDiznLAYDRcfs7CMaxlE85Ezih/Z42T0ktYKuFaL0/IhZkq\nYgDvxlVmxvbyYBqjvFTB53//rL8rwFCm16olOBa2nXudIy7IzOJCygAM475SPwT2\nGb/Jc8JQFhH6e3i5C6PTkDemKU8xLhTXHrcEficgBKr7ex8J7vYf6HRl0eZN4AAA\nAIEA43pDVPzC2xg/UjplJlEWY0bCyM5AGZRyxE8A9I6hJm4RhpT8FhUVG3WpxNsi\n5Ln7o+Z1aDcyGqoPBNDyHP1/pZXKsYpyphEfSHbvhT3GnPkXoGiuKu0MhbtsFdmk\nRq83wjKYGMmI+vvXWHiBPQjfXF4QeJ2OlklgwVfQMt0N6GEAAACBAPTSBBRfRvB4\nyZIV6780sfNakPSWzkxJq17vbyTCXba89y2Gv4FFiepOvV2bx+9ITysloS2SPzCP\ns6vEVOyc0BrtqNjPhfpx2LOJjZmksSgNZNMxILDCOtOah4R8NH4+Y49ED5Yaxn8Z\ngbZIQXgDI9MXtDRuuTsZEs2YVxW20lsJAAAAAAEC\n-----END OPENSSH PRIVATE KEY-----\n",
            "private_key_pem": "-----BEGIN RSA PRIVATE KEY-----\nMIIEowIBAAKCAQEA2YsmGD/lD1qHeUd0P0kXVmINvU/yfr9ouxKT8bAF1eJOnsnP\n99OLMVIJKfdXe2lbg41yX8rQzbZKjZOPFhAtdvVlBiOLb1qQVBA1vHYuyivecOWU\nPQX3zvyrW8Ia4Df1dk7w7bUqwBMHz46IZdL/B3lTFLjsup4vcCwzhjF3aqeUW0BS\n+grSAPoZXp9nZ/YjE5z10KBQ0hADagTzJEIybUkfzkf7HudLeAHcI8eFnBuybv+q\nfhu+GtZafYVNRtgeAGkKru+PFOMaDrA1W93TsyEQpA4UUSl5XGmGIATAFMGiXhaG\nYSQ5CRc8mwz9MeUPwvc7KAVkkaN4rqXwTKmmaQIDAQABAoIBADtAVR3huUfXRnLX\n7WeXRs32YvufHNM82w+o3bbEVLKOsw84tHYxngXO7EQL5D3u0kggbHh+yyRcdC3f\ndOdzfI6cA+oKIF4x8oGS8K/mGJRkIm/pd9ivGXG9DAcv9RYA59BTa/eyknRCOqxj\ni+7/6wpkFybbv06M6yrIPzhbnMTlYzVIwoiQiupObj75TxMFmlu+aamS0sWiqYX1\nQubxvfUPisXUyw+ZB7MFf3D/ozfb1zMHfOZATo3TR0HEQ7ZoZd41F8EMiKohucvw\nSjzCeVi4dTVnRsuAxWw9Df3AwOVG4F5IqFSNtXy53c9I0CHRRcCA9ofDuKTvjeCe\nqpv/7gECgYEA43pDVPzC2xg/UjplJlEWY0bCyM5AGZRyxE8A9I6hJm4RhpT8FhUV\nG3WpxNsi5Ln7o+Z1aDcyGqoPBNDyHP1/pZXKsYpyphEfSHbvhT3GnPkXoGiuKu0M\nhbtsFdmkRq83wjKYGMmI+vvXWHiBPQjfXF4QeJ2OlklgwVfQMt0N6GECgYEA9NIE\nFF9G8HjJkhXrvzSx81qQ9JbOTEmrXu9vJMJdtrz3LYa/gUWJ6k69XZvH70hPKyWh\nLZI/MI+zq8RU7JzQGu2o2M+F+nHYs4mNmaSxKA1k0zEgsMI605qHhHw0fj5jj0QP\nlhrGfxmBtkhBeAMj0xe0NG65OxkSzZhXFbbSWwkCgYAFnpiZOeFKbk/qJR0olCo8\na5wWP9ofh6ZKKTV51Sgv/doa/AU6Om0aD48RGOTEx79qrh/KYkqvk/HpCYxhoPWN\nTqUCO8xXQ+cE8EM8hGkqqZCm2s8qqk5740RpScYgJOX4uy08t4XVxXDtc5SlwFlc\nO8qmYCYMmmV0gUnYZ9OXIQKBgB3mWGE0kbFkzxlsW/JqOSGDehilImTmyms5ytUu\nd8uNoJKK1nCvUXywSShZkj2DE0gtvFWYeucvZb4gqE6NiE0BoZF5Jt/Db7fdoNGW\n75v4psu0QE3WKuEVCl//21lfvUEOCulGM9/p+ZGNmZFSsNljF7sfmrfBBC7f4CLi\nxSYhAoGBAOLOcsBgNFx+zsIxrGUTzkTOKH9njZPSS1gq4VovT8iFmSpiAO/GVWbG\n9vJgGqO8VMHnf/+svyvAUKbXqiU4Frade50jLsjM4kLKAAzjvlI/BPYZv8lzwlAW\nEfp7eLkLo9OQN6YpTzEuFNcetwR+JyAEqvt7Hwnu9h/odGXR5k3g\n-----END RSA PRIVATE KEY-----\n",
            "private_key_pem_pkcs8": "-----BEGIN PRIVATE KEY-----\nMIIEvQIBADANBgkqhkiG9w0BAQEFAASCBKcwggSjAgEAAoIBAQDZiyYYP+UPWod5\nR3Q/SRdWYg29T/J+v2i7EpPxsAXV4k6eyc/304sxUgkp91d7aVuDjXJfytDNtkqN\nk48WEC129WUGI4tvWpBUEDW8di7KK95w5ZQ9BffO/KtbwhrgN/V2TvDttSrAEwfP\njohl0v8HeVMUuOy6ni9wLDOGMXdqp5RbQFL6CtIA+hlen2dn9iMTnPXQoFDSEANq\nBPMkQjJtSR/OR/se50t4Adwjx4WcG7Ju/6p+G74a1lp9hU1G2B4AaQqu748U4xoO\nsDVb3dOzIRCkDhRRKXlcaYYgBMAUwaJeFoZhJDkJFzybDP0x5Q/C9zsoBWSRo3iu\npfBMqaZpAgMBAAECggEAO0BVHeG5R9dGctftZ5dGzfZi+58c0zzbD6jdtsRUso6z\nDzi0djGeBc7sRAvkPe7SSCBseH7LJFx0Ld9053N8jpwD6gogXjHygZLwr+YYlGQi\nb+l32K8Zcb0MBy/1FgDn0FNr97KSdEI6rGOL7v/rCmQXJtu/TozrKsg/OFucxOVj\nNUjCiJCK6k5uPvlPEwWaW75pqZLSxaKphfVC5vG99Q+KxdTLD5kHswV/cP+jN9vX\nMwd85kBOjdNHQcRDtmhl3jUXwQyIqiG5y/BKPMJ5WLh1NWdGy4DFbD0N/cDA5Ubg\nXkioVI21fLndz0jQIdFFwID2h8O4pO+N4J6qm//uAQKBgQDjekNU/MLbGD9SOmUm\nURZjRsLIzkAZlHLETwD0jqEmbhGGlPwWFRUbdanE2yLkufuj5nVoNzIaqg8E0PIc\n/X+llcqxinKmER9Idu+FPcac+RegaK4q7QyFu2wV2aRGrzfCMpgYyYj6+9dYeIE9\nCN9cXhB4nY6WSWDBV9Ay3Q3oYQKBgQD00gQUX0bweMmSFeu/NLHzWpD0ls5MSate\n728kwl22vPcthr+BRYnqTr1dm8fvSE8rJaEtkj8wj7OrxFTsnNAa7ajYz4X6cdiz\niY2ZpLEoDWTTMSCwwjrTmoeEfDR+PmOPRA+WGsZ/GYG2SEF4AyPTF7Q0brk7GRLN\nmFcVttJbCQKBgAWemJk54UpuT+olHSiUKjxrnBY/2h+HpkopNXnVKC/92hr8BTo6\nbRoPjxEY5MTHv2quH8piSq+T8ekJjGGg9Y1OpQI7zFdD5wTwQzyEaSqpkKbazyqq\nTnvjRGlJxiAk5fi7LTy3hdXFcO1zlKXAWVw7yqZgJgyaZXSBSdhn05chAoGAHeZY\nYTSRsWTPGWxb8mo5IYN6GKUiZObKaznK1S53y42gkorWcK9RfLBJKFmSPYMTSC28\nVZh65y9lviCoTo2ITQGhkXkm38Nvt92g0Zbvm/imy7RATdYq4RUKX//bWV+9QQ4K\n6UYz3+n5kY2ZkVKw2WMXux+at8EELt/gIuLFJiECgYEA4s5ywGA0XH7OwjGsZRPO\nRM4of2eNk9JLWCrhWi9PyIWZKmIA78ZVZsb28mAao7xUwed//6y/K8BQpteqJTgW\ntp17nSMuyMziQsoADOO+Uj8E9hm/yXPCUBYR+nt4uQuj05A3pilPMS4U1x63BH4n\nIASq+3sfCe72H+h0ZdHmTeA=\n-----END PRIVATE KEY-----\n",
            "public_key_fingerprint_md5": "0d:dd:90:a8:a3:0e:0d:ed:3b:00:8e:89:dc:72:fb:46",
            "public_key_fingerprint_sha256": "SHA256:eOXEdNmvwhL7cAXMj+JuggGpI5qrCcpJg67yPRB3a/0",
            "public_key_openssh": "ssh-rsa AAAAB3NzaC1yc2EAAAADAQABAAABAQDZiyYYP+UPWod5R3Q/SRdWYg29T/J+v2i7EpPxsAXV4k6eyc/304sxUgkp91d7aVuDjXJfytDNtkqNk48WEC129WUGI4tvWpBUEDW8di7KK95w5ZQ9BffO/KtbwhrgN/V2TvDttSrAEwfPjohl0v8HeVMUuOy6ni9wLDOGMXdqp5RbQFL6CtIA+hlen2dn9iMTnPXQoFDSEANqBPMkQjJtSR/OR/se50t4Adwjx4WcG7Ju/6p+G74a1lp9hU1G2B4AaQqu748U4xoOsDVb3dOzIRCkDhRRKXlcaYYgBMAUwaJeFoZhJDkJFzybDP0x5Q/C9zsoBWSRo3iupfBMqaZp\n",
            "public_key_pem": "-----BEGIN PUBLIC KEY-----\nMIIBIjANBgkqhkiG9w0BAQEFAAOCAQ8AMIIBCgKCAQEA2YsmGD/lD1qHeUd0P0kX\nVmINvU/yfr9ouxKT8bAF1eJOnsnP99OLMVIJKfdXe2lbg41yX8rQzbZKjZOPFhAt\ndvVlBiOLb1qQVBA1vHYuyivecOWUPQX3zvyrW8Ia4Df1dk7w7bUqwBMHz46IZdL/\nB3lTFLjsup4vcCwzhjF3aqeUW0BS+grSAPoZXp9nZ/YjE5z10KBQ0hADagTzJEIy\nbUkfzkf7HudLeAHcI8eFnBuybv+qfhu+GtZafYVNRtgeAGkKru+PFOMaDrA1W93T\nsyEQpA4UUSl5XGmGIATAFMGiXhaGYSQ5CRc8mwz9MeUPwvc7KAVkkaN4rqXwTKmm\naQIDAQAB\n-----END PUBLIC KEY-----\n",
            "rsa_bits": 2048
          },
          "sensitive_attributes": [
            [
              {
                "type": "get_attr",
                "value": "private_key_pem_pkcs8"
              }
            ],
            [
              {
                "type": "get_attr",
                "value": "private_key_pem"
              }
            ],
            [
              {
                "type": "get_attr",
                "value": "private_key_openssh"
              }
            ]
          ]
        }
      ]
    }
  ],
  "check_results": null
}
